// !$*UTF8*$!
{
	archiveVersion = 1;
	classes = {
	};
	objectVersion = 56;
	objects = {

/* Begin PBXBuildFile section */
		241A3FDB2B02ABF7000DCAB6 /* BookCollectApp.swift in Sources */ = {isa = PBXBuildFile; fileRef = 241A3FDA2B02ABF7000DCAB6 /* BookCollectApp.swift */; };
		241A3FDD2B02ABF7000DCAB6 /* ContentView.swift in Sources */ = {isa = PBXBuildFile; fileRef = 241A3FDC2B02ABF7000DCAB6 /* ContentView.swift */; };
		241A3FDF2B02AC06000DCAB6 /* Assets.xcassets in Resources */ = {isa = PBXBuildFile; fileRef = 241A3FDE2B02AC06000DCAB6 /* Assets.xcassets */; };
		241A3FE22B02AC06000DCAB6 /* Preview Assets.xcassets in Resources */ = {isa = PBXBuildFile; fileRef = 241A3FE12B02AC06000DCAB6 /* Preview Assets.xcassets */; };
		450167DC2B14DC6100718688 /* LocationManager.swift in Sources */ = {isa = PBXBuildFile; fileRef = 450167DB2B14DC6100718688 /* LocationManager.swift */; };
		450167DE2B14E2A200718688 /* BookMap.swift in Sources */ = {isa = PBXBuildFile; fileRef = 450167DD2B14E2A200718688 /* BookMap.swift */; };
		450167E02B14E67000718688 /* SheetView.swift in Sources */ = {isa = PBXBuildFile; fileRef = 450167DF2B14E67000718688 /* SheetView.swift */; };
		450167E52B15157500718688 /* Location.swift in Sources */ = {isa = PBXBuildFile; fileRef = 450167E42B15157500718688 /* Location.swift */; };
		4570217C2B1950B30008F18C /* RecDetails.swift in Sources */ = {isa = PBXBuildFile; fileRef = 4570217B2B1950B30008F18C /* RecDetails.swift */; };
		45C0C8B62B181EF600479003 /* BookManager.swift in Sources */ = {isa = PBXBuildFile; fileRef = 45C0C8B52B181EF600479003 /* BookManager.swift */; };
		45C0C8BA2B18208C00479003 /* RecView.swift in Sources */ = {isa = PBXBuildFile; fileRef = 45C0C8B92B18208C00479003 /* RecView.swift */; };
		45C948B62B03F25C00577F26 /* MapView.swift in Sources */ = {isa = PBXBuildFile; fileRef = 45C948B52B03F25C00577F26 /* MapView.swift */; };
		45C948B82B03F2D500577F26 /* ListView.swift in Sources */ = {isa = PBXBuildFile; fileRef = 45C948B72B03F2D500577F26 /* ListView.swift */; };
		45C948BA2B03F31800577F26 /* ScanView.swift in Sources */ = {isa = PBXBuildFile; fileRef = 45C948B92B03F31800577F26 /* ScanView.swift */; };
		45C948BF2B04030900577F26 /* FireDBHelper.swift in Sources */ = {isa = PBXBuildFile; fileRef = 45C948BE2B04030900577F26 /* FireDBHelper.swift */; };
		45C948C12B04035100577F26 /* Book.swift in Sources */ = {isa = PBXBuildFile; fileRef = 45C948C02B04035100577F26 /* Book.swift */; };
		45F545C22B152A7A00EC4BAE /* LocationAnnotation.swift in Sources */ = {isa = PBXBuildFile; fileRef = 45F545C12B152A7A00EC4BAE /* LocationAnnotation.swift */; };
		AA837AF62B255C5500A852CF /* FirebaseAnalytics in Frameworks */ = {isa = PBXBuildFile; productRef = AA837AF52B255C5500A852CF /* FirebaseAnalytics */; };
		AA837AF82B255C5500A852CF /* FirebaseAnalyticsOnDeviceConversion in Frameworks */ = {isa = PBXBuildFile; productRef = AA837AF72B255C5500A852CF /* FirebaseAnalyticsOnDeviceConversion */; };
		AA837AFA2B255C5500A852CF /* FirebaseAnalyticsSwift in Frameworks */ = {isa = PBXBuildFile; productRef = AA837AF92B255C5500A852CF /* FirebaseAnalyticsSwift */; };
		AA837AFC2B255C5500A852CF /* FirebaseAnalyticsWithoutAdIdSupport in Frameworks */ = {isa = PBXBuildFile; productRef = AA837AFB2B255C5500A852CF /* FirebaseAnalyticsWithoutAdIdSupport */; };
		AA837AFE2B255C5500A852CF /* FirebaseAppCheck in Frameworks */ = {isa = PBXBuildFile; productRef = AA837AFD2B255C5500A852CF /* FirebaseAppCheck */; };
		AA837B002B255C5500A852CF /* FirebaseAppDistribution-Beta in Frameworks */ = {isa = PBXBuildFile; productRef = AA837AFF2B255C5500A852CF /* FirebaseAppDistribution-Beta */; };
		AA837B022B255C5500A852CF /* FirebaseAuth in Frameworks */ = {isa = PBXBuildFile; productRef = AA837B012B255C5500A852CF /* FirebaseAuth */; };
		AA837B042B255C5500A852CF /* FirebaseAuthCombine-Community in Frameworks */ = {isa = PBXBuildFile; productRef = AA837B032B255C5500A852CF /* FirebaseAuthCombine-Community */; };
		AA837B062B255C5500A852CF /* FirebaseCrashlytics in Frameworks */ = {isa = PBXBuildFile; productRef = AA837B052B255C5500A852CF /* FirebaseCrashlytics */; };
		AA837B082B255C5500A852CF /* FirebaseDatabase in Frameworks */ = {isa = PBXBuildFile; productRef = AA837B072B255C5500A852CF /* FirebaseDatabase */; };
		AA837B0A2B255C5500A852CF /* FirebaseDatabaseSwift in Frameworks */ = {isa = PBXBuildFile; productRef = AA837B092B255C5500A852CF /* FirebaseDatabaseSwift */; };
		AA837B0C2B255C5500A852CF /* FirebaseDynamicLinks in Frameworks */ = {isa = PBXBuildFile; productRef = AA837B0B2B255C5500A852CF /* FirebaseDynamicLinks */; };
		AA837B0E2B255C5500A852CF /* FirebaseFirestore in Frameworks */ = {isa = PBXBuildFile; productRef = AA837B0D2B255C5500A852CF /* FirebaseFirestore */; };
		AA837B102B255C5500A852CF /* FirebaseFirestoreCombine-Community in Frameworks */ = {isa = PBXBuildFile; productRef = AA837B0F2B255C5500A852CF /* FirebaseFirestoreCombine-Community */; };
		AA837B122B255C5500A852CF /* FirebaseFirestoreSwift in Frameworks */ = {isa = PBXBuildFile; productRef = AA837B112B255C5500A852CF /* FirebaseFirestoreSwift */; };
		AA837B142B255C5500A852CF /* FirebaseFunctions in Frameworks */ = {isa = PBXBuildFile; productRef = AA837B132B255C5500A852CF /* FirebaseFunctions */; };
		AA837B162B255C5500A852CF /* FirebaseFunctionsCombine-Community in Frameworks */ = {isa = PBXBuildFile; productRef = AA837B152B255C5500A852CF /* FirebaseFunctionsCombine-Community */; };
		AA837B182B255C5500A852CF /* FirebaseInAppMessaging-Beta in Frameworks */ = {isa = PBXBuildFile; productRef = AA837B172B255C5500A852CF /* FirebaseInAppMessaging-Beta */; };
		AA837B1A2B255C5500A852CF /* FirebaseInAppMessagingSwift-Beta in Frameworks */ = {isa = PBXBuildFile; productRef = AA837B192B255C5500A852CF /* FirebaseInAppMessagingSwift-Beta */; };
		AA837B1C2B255C5500A852CF /* FirebaseInstallations in Frameworks */ = {isa = PBXBuildFile; productRef = AA837B1B2B255C5500A852CF /* FirebaseInstallations */; };
		AA837B1E2B255C5500A852CF /* FirebaseMLModelDownloader in Frameworks */ = {isa = PBXBuildFile; productRef = AA837B1D2B255C5500A852CF /* FirebaseMLModelDownloader */; };
		AA837B202B255C5500A852CF /* FirebaseMessaging in Frameworks */ = {isa = PBXBuildFile; productRef = AA837B1F2B255C5500A852CF /* FirebaseMessaging */; };
		AA837B222B255C5500A852CF /* FirebasePerformance in Frameworks */ = {isa = PBXBuildFile; productRef = AA837B212B255C5500A852CF /* FirebasePerformance */; };
		AA837B242B255C5500A852CF /* FirebaseRemoteConfig in Frameworks */ = {isa = PBXBuildFile; productRef = AA837B232B255C5500A852CF /* FirebaseRemoteConfig */; };
		AA837B262B255C5500A852CF /* FirebaseRemoteConfigSwift in Frameworks */ = {isa = PBXBuildFile; productRef = AA837B252B255C5500A852CF /* FirebaseRemoteConfigSwift */; };
		AA837B282B255C5500A852CF /* FirebaseStorage in Frameworks */ = {isa = PBXBuildFile; productRef = AA837B272B255C5500A852CF /* FirebaseStorage */; };
		AA837B2A2B255C5600A852CF /* FirebaseStorageCombine-Community in Frameworks */ = {isa = PBXBuildFile; productRef = AA837B292B255C5600A852CF /* FirebaseStorageCombine-Community */; };
		AA837B2C2B256FC000A852CF /* BookFirebase.swift in Sources */ = {isa = PBXBuildFile; fileRef = AA837B2B2B256FC000A852CF /* BookFirebase.swift */; };
		AA837B2E2B25735800A852CF /* AddBookView.swift in Sources */ = {isa = PBXBuildFile; fileRef = AA837B2D2B25735800A852CF /* AddBookView.swift */; };
		AA837B302B25788900A852CF /* GoogleService-Info.plist in Resources */ = {isa = PBXBuildFile; fileRef = AA837B2F2B25788900A852CF /* GoogleService-Info.plist */; };
		AA837B322B257C0900A852CF /* ViewBooksView.swift in Sources */ = {isa = PBXBuildFile; fileRef = AA837B312B257C0900A852CF /* ViewBooksView.swift */; };
		AA837B342B257C7000A852CF /* BookDetailsView.swift in Sources */ = {isa = PBXBuildFile; fileRef = AA837B332B257C7000A852CF /* BookDetailsView.swift */; };
/* End PBXBuildFile section */

/* Begin PBXFileReference section */
		241A3FD72B02ABF7000DCAB6 /* BookCollect.app */ = {isa = PBXFileReference; explicitFileType = wrapper.application; includeInIndex = 0; path = BookCollect.app; sourceTree = BUILT_PRODUCTS_DIR; };
		241A3FDA2B02ABF7000DCAB6 /* BookCollectApp.swift */ = {isa = PBXFileReference; lastKnownFileType = sourcecode.swift; path = BookCollectApp.swift; sourceTree = "<group>"; };
		241A3FDC2B02ABF7000DCAB6 /* ContentView.swift */ = {isa = PBXFileReference; lastKnownFileType = sourcecode.swift; path = ContentView.swift; sourceTree = "<group>"; };
		241A3FDE2B02AC06000DCAB6 /* Assets.xcassets */ = {isa = PBXFileReference; lastKnownFileType = folder.assetcatalog; path = Assets.xcassets; sourceTree = "<group>"; };
		241A3FE12B02AC06000DCAB6 /* Preview Assets.xcassets */ = {isa = PBXFileReference; lastKnownFileType = folder.assetcatalog; path = "Preview Assets.xcassets"; sourceTree = "<group>"; };
		450167DB2B14DC6100718688 /* LocationManager.swift */ = {isa = PBXFileReference; lastKnownFileType = sourcecode.swift; path = LocationManager.swift; sourceTree = "<group>"; };
		450167DD2B14E2A200718688 /* BookMap.swift */ = {isa = PBXFileReference; lastKnownFileType = sourcecode.swift; path = BookMap.swift; sourceTree = "<group>"; };
		450167DF2B14E67000718688 /* SheetView.swift */ = {isa = PBXFileReference; lastKnownFileType = sourcecode.swift; path = SheetView.swift; sourceTree = "<group>"; };
		450167E42B15157500718688 /* Location.swift */ = {isa = PBXFileReference; lastKnownFileType = sourcecode.swift; path = Location.swift; sourceTree = "<group>"; };
		4570217B2B1950B30008F18C /* RecDetails.swift */ = {isa = PBXFileReference; lastKnownFileType = sourcecode.swift; path = RecDetails.swift; sourceTree = "<group>"; };
		4570217D2B1962FD0008F18C /* Info.plist */ = {isa = PBXFileReference; lastKnownFileType = text.plist; path = Info.plist; sourceTree = "<group>"; };
		45C0C8B52B181EF600479003 /* BookManager.swift */ = {isa = PBXFileReference; lastKnownFileType = sourcecode.swift; path = BookManager.swift; sourceTree = "<group>"; };
		45C0C8B92B18208C00479003 /* RecView.swift */ = {isa = PBXFileReference; lastKnownFileType = sourcecode.swift; path = RecView.swift; sourceTree = "<group>"; };
		45C948B52B03F25C00577F26 /* MapView.swift */ = {isa = PBXFileReference; lastKnownFileType = sourcecode.swift; path = MapView.swift; sourceTree = "<group>"; };
		45C948B72B03F2D500577F26 /* ListView.swift */ = {isa = PBXFileReference; lastKnownFileType = sourcecode.swift; path = ListView.swift; sourceTree = "<group>"; };
		45C948B92B03F31800577F26 /* ScanView.swift */ = {isa = PBXFileReference; lastKnownFileType = sourcecode.swift; path = ScanView.swift; sourceTree = "<group>"; };
		45C948BE2B04030900577F26 /* FireDBHelper.swift */ = {isa = PBXFileReference; lastKnownFileType = sourcecode.swift; path = FireDBHelper.swift; sourceTree = "<group>"; };
		45C948C02B04035100577F26 /* Book.swift */ = {isa = PBXFileReference; lastKnownFileType = sourcecode.swift; path = Book.swift; sourceTree = "<group>"; };
		45F545C12B152A7A00EC4BAE /* LocationAnnotation.swift */ = {isa = PBXFileReference; lastKnownFileType = sourcecode.swift; path = LocationAnnotation.swift; sourceTree = "<group>"; };
		AA837B2B2B256FC000A852CF /* BookFirebase.swift */ = {isa = PBXFileReference; lastKnownFileType = sourcecode.swift; path = BookFirebase.swift; sourceTree = "<group>"; };
		AA837B2D2B25735800A852CF /* AddBookView.swift */ = {isa = PBXFileReference; lastKnownFileType = sourcecode.swift; path = AddBookView.swift; sourceTree = "<group>"; };
		AA837B2F2B25788900A852CF /* GoogleService-Info.plist */ = {isa = PBXFileReference; fileEncoding = 4; lastKnownFileType = text.plist.xml; path = "GoogleService-Info.plist"; sourceTree = "<group>"; };
		AA837B312B257C0900A852CF /* ViewBooksView.swift */ = {isa = PBXFileReference; lastKnownFileType = sourcecode.swift; path = ViewBooksView.swift; sourceTree = "<group>"; };
		AA837B332B257C7000A852CF /* BookDetailsView.swift */ = {isa = PBXFileReference; lastKnownFileType = sourcecode.swift; path = BookDetailsView.swift; sourceTree = "<group>"; };
/* End PBXFileReference section */

/* Begin PBXFrameworksBuildPhase section */
		241A3FD42B02ABF7000DCAB6 /* Frameworks */ = {
			isa = PBXFrameworksBuildPhase;
			buildActionMask = 2147483647;
			files = (
				AA837B082B255C5500A852CF /* FirebaseDatabase in Frameworks */,
				AA837B162B255C5500A852CF /* FirebaseFunctionsCombine-Community in Frameworks */,
				AA837B0E2B255C5500A852CF /* FirebaseFirestore in Frameworks */,
				AA837AFA2B255C5500A852CF /* FirebaseAnalyticsSwift in Frameworks */,
				AA837AF62B255C5500A852CF /* FirebaseAnalytics in Frameworks */,
				AA837AF82B255C5500A852CF /* FirebaseAnalyticsOnDeviceConversion in Frameworks */,
				AA837B1E2B255C5500A852CF /* FirebaseMLModelDownloader in Frameworks */,
				AA837B122B255C5500A852CF /* FirebaseFirestoreSwift in Frameworks */,
				AA837AFE2B255C5500A852CF /* FirebaseAppCheck in Frameworks */,
				AA837AFC2B255C5500A852CF /* FirebaseAnalyticsWithoutAdIdSupport in Frameworks */,
				AA837B022B255C5500A852CF /* FirebaseAuth in Frameworks */,
				AA837B062B255C5500A852CF /* FirebaseCrashlytics in Frameworks */,
				AA837B262B255C5500A852CF /* FirebaseRemoteConfigSwift in Frameworks */,
				AA837B182B255C5500A852CF /* FirebaseInAppMessaging-Beta in Frameworks */,
				AA837B0A2B255C5500A852CF /* FirebaseDatabaseSwift in Frameworks */,
				AA837B142B255C5500A852CF /* FirebaseFunctions in Frameworks */,
				AA837B2A2B255C5600A852CF /* FirebaseStorageCombine-Community in Frameworks */,
				AA837B242B255C5500A852CF /* FirebaseRemoteConfig in Frameworks */,
				AA837B002B255C5500A852CF /* FirebaseAppDistribution-Beta in Frameworks */,
				AA837B042B255C5500A852CF /* FirebaseAuthCombine-Community in Frameworks */,
				AA837B222B255C5500A852CF /* FirebasePerformance in Frameworks */,
				AA837B1A2B255C5500A852CF /* FirebaseInAppMessagingSwift-Beta in Frameworks */,
				AA837B282B255C5500A852CF /* FirebaseStorage in Frameworks */,
				AA837B0C2B255C5500A852CF /* FirebaseDynamicLinks in Frameworks */,
				AA837B102B255C5500A852CF /* FirebaseFirestoreCombine-Community in Frameworks */,
				AA837B202B255C5500A852CF /* FirebaseMessaging in Frameworks */,
				AA837B1C2B255C5500A852CF /* FirebaseInstallations in Frameworks */,
			);
			runOnlyForDeploymentPostprocessing = 0;
		};
/* End PBXFrameworksBuildPhase section */

/* Begin PBXGroup section */
		241A3FCE2B02ABF7000DCAB6 = {
			isa = PBXGroup;
			children = (
				241A3FD92B02ABF7000DCAB6 /* BookCollect */,
				241A3FD82B02ABF7000DCAB6 /* Products */,
			);
			sourceTree = "<group>";
		};
		241A3FD82B02ABF7000DCAB6 /* Products */ = {
			isa = PBXGroup;
			children = (
				241A3FD72B02ABF7000DCAB6 /* BookCollect.app */,
			);
			name = Products;
			sourceTree = "<group>";
		};
		241A3FD92B02ABF7000DCAB6 /* BookCollect */ = {
			isa = PBXGroup;
			children = (
				AA837B2F2B25788900A852CF /* GoogleService-Info.plist */,
				4570217D2B1962FD0008F18C /* Info.plist */,
				450167DA2B14DBFF00718688 /* Helpers */,
				45C948B42B03F1A800577F26 /* Models */,
				45C948B32B03F1A100577F26 /* Data */,
				45C948B22B03F19700577F26 /* Views */,
				241A3FDA2B02ABF7000DCAB6 /* BookCollectApp.swift */,
				241A3FDE2B02AC06000DCAB6 /* Assets.xcassets */,
				241A3FE02B02AC06000DCAB6 /* Preview Content */,
			);
			path = BookCollect;
			sourceTree = "<group>";
		};
		241A3FE02B02AC06000DCAB6 /* Preview Content */ = {
			isa = PBXGroup;
			children = (
				241A3FE12B02AC06000DCAB6 /* Preview Assets.xcassets */,
			);
			path = "Preview Content";
			sourceTree = "<group>";
		};
		450167DA2B14DBFF00718688 /* Helpers */ = {
			isa = PBXGroup;
			children = (
				450167DB2B14DC6100718688 /* LocationManager.swift */,
				45C0C8B52B181EF600479003 /* BookManager.swift */,
			);
			path = Helpers;
			sourceTree = "<group>";
		};
		45C0C8B82B18207000479003 /* Recs */ = {
			isa = PBXGroup;
			children = (
				45C0C8B92B18208C00479003 /* RecView.swift */,
				4570217B2B1950B30008F18C /* RecDetails.swift */,
			);
			path = Recs;
			sourceTree = "<group>";
		};
		45C948B22B03F19700577F26 /* Views */ = {
			isa = PBXGroup;
			children = (
				AA837B332B257C7000A852CF /* BookDetailsView.swift */,
				45C0C8B82B18207000479003 /* Recs */,
				45C948BD2B03F35200577F26 /* List */,
				45C948BC2B03F34A00577F26 /* Scan */,
				45C948BB2B03F34200577F26 /* Map */,
				241A3FDC2B02ABF7000DCAB6 /* ContentView.swift */,
				AA837B2D2B25735800A852CF /* AddBookView.swift */,
				AA837B312B257C0900A852CF /* ViewBooksView.swift */,
			);
			path = Views;
			sourceTree = "<group>";
		};
		45C948B32B03F1A100577F26 /* Data */ = {
			isa = PBXGroup;
			children = (
				45C948BE2B04030900577F26 /* FireDBHelper.swift */,
			);
			path = Data;
			sourceTree = "<group>";
		};
		45C948B42B03F1A800577F26 /* Models */ = {
			isa = PBXGroup;
			children = (
				45C948C02B04035100577F26 /* Book.swift */,
				450167E42B15157500718688 /* Location.swift */,
				45F545C12B152A7A00EC4BAE /* LocationAnnotation.swift */,
				AA837B2B2B256FC000A852CF /* BookFirebase.swift */,
			);
			path = Models;
			sourceTree = "<group>";
		};
		45C948BB2B03F34200577F26 /* Map */ = {
			isa = PBXGroup;
			children = (
				45C948B52B03F25C00577F26 /* MapView.swift */,
				450167DD2B14E2A200718688 /* BookMap.swift */,
				450167DF2B14E67000718688 /* SheetView.swift */,
			);
			path = Map;
			sourceTree = "<group>";
		};
		45C948BC2B03F34A00577F26 /* Scan */ = {
			isa = PBXGroup;
			children = (
				45C948B92B03F31800577F26 /* ScanView.swift */,
			);
			path = Scan;
			sourceTree = "<group>";
		};
		45C948BD2B03F35200577F26 /* List */ = {
			isa = PBXGroup;
			children = (
				45C948B72B03F2D500577F26 /* ListView.swift */,
			);
			path = List;
			sourceTree = "<group>";
		};
/* End PBXGroup section */

/* Begin PBXNativeTarget section */
		241A3FD62B02ABF7000DCAB6 /* BookCollect */ = {
			isa = PBXNativeTarget;
			buildConfigurationList = 241A3FE52B02AC06000DCAB6 /* Build configuration list for PBXNativeTarget "BookCollect" */;
			buildPhases = (
				241A3FD32B02ABF7000DCAB6 /* Sources */,
				241A3FD42B02ABF7000DCAB6 /* Frameworks */,
				241A3FD52B02ABF7000DCAB6 /* Resources */,
			);
			buildRules = (
			);
			dependencies = (
			);
			name = BookCollect;
			packageProductDependencies = (
				AA837AF52B255C5500A852CF /* FirebaseAnalytics */,
				AA837AF72B255C5500A852CF /* FirebaseAnalyticsOnDeviceConversion */,
				AA837AF92B255C5500A852CF /* FirebaseAnalyticsSwift */,
				AA837AFB2B255C5500A852CF /* FirebaseAnalyticsWithoutAdIdSupport */,
				AA837AFD2B255C5500A852CF /* FirebaseAppCheck */,
				AA837AFF2B255C5500A852CF /* FirebaseAppDistribution-Beta */,
				AA837B012B255C5500A852CF /* FirebaseAuth */,
				AA837B032B255C5500A852CF /* FirebaseAuthCombine-Community */,
				AA837B052B255C5500A852CF /* FirebaseCrashlytics */,
				AA837B072B255C5500A852CF /* FirebaseDatabase */,
				AA837B092B255C5500A852CF /* FirebaseDatabaseSwift */,
				AA837B0B2B255C5500A852CF /* FirebaseDynamicLinks */,
				AA837B0D2B255C5500A852CF /* FirebaseFirestore */,
				AA837B0F2B255C5500A852CF /* FirebaseFirestoreCombine-Community */,
				AA837B112B255C5500A852CF /* FirebaseFirestoreSwift */,
				AA837B132B255C5500A852CF /* FirebaseFunctions */,
				AA837B152B255C5500A852CF /* FirebaseFunctionsCombine-Community */,
				AA837B172B255C5500A852CF /* FirebaseInAppMessaging-Beta */,
				AA837B192B255C5500A852CF /* FirebaseInAppMessagingSwift-Beta */,
				AA837B1B2B255C5500A852CF /* FirebaseInstallations */,
				AA837B1D2B255C5500A852CF /* FirebaseMLModelDownloader */,
				AA837B1F2B255C5500A852CF /* FirebaseMessaging */,
				AA837B212B255C5500A852CF /* FirebasePerformance */,
				AA837B232B255C5500A852CF /* FirebaseRemoteConfig */,
				AA837B252B255C5500A852CF /* FirebaseRemoteConfigSwift */,
				AA837B272B255C5500A852CF /* FirebaseStorage */,
				AA837B292B255C5600A852CF /* FirebaseStorageCombine-Community */,
			);
			productName = BookCollect;
			productReference = 241A3FD72B02ABF7000DCAB6 /* BookCollect.app */;
			productType = "com.apple.product-type.application";
		};
/* End PBXNativeTarget section */

/* Begin PBXProject section */
		241A3FCF2B02ABF7000DCAB6 /* Project object */ = {
			isa = PBXProject;
			attributes = {
				BuildIndependentTargetsInParallel = 1;
				LastSwiftUpdateCheck = 1420;
				LastUpgradeCheck = 1420;
				TargetAttributes = {
					241A3FD62B02ABF7000DCAB6 = {
						CreatedOnToolsVersion = 14.2;
					};
				};
			};
			buildConfigurationList = 241A3FD22B02ABF7000DCAB6 /* Build configuration list for PBXProject "BookCollect" */;
			compatibilityVersion = "Xcode 14.0";
			developmentRegion = en;
			hasScannedForEncodings = 0;
			knownRegions = (
				en,
				Base,
			);
			mainGroup = 241A3FCE2B02ABF7000DCAB6;
			packageReferences = (
				AA837AF42B255C5500A852CF /* XCRemoteSwiftPackageReference "firebase-ios-sdk" */,
			);
			productRefGroup = 241A3FD82B02ABF7000DCAB6 /* Products */;
			projectDirPath = "";
			projectRoot = "";
			targets = (
				241A3FD62B02ABF7000DCAB6 /* BookCollect */,
			);
		};
/* End PBXProject section */

/* Begin PBXResourcesBuildPhase section */
		241A3FD52B02ABF7000DCAB6 /* Resources */ = {
			isa = PBXResourcesBuildPhase;
			buildActionMask = 2147483647;
			files = (
				241A3FE22B02AC06000DCAB6 /* Preview Assets.xcassets in Resources */,
				AA837B302B25788900A852CF /* GoogleService-Info.plist in Resources */,
				241A3FDF2B02AC06000DCAB6 /* Assets.xcassets in Resources */,
			);
			runOnlyForDeploymentPostprocessing = 0;
		};
/* End PBXResourcesBuildPhase section */

/* Begin PBXSourcesBuildPhase section */
		241A3FD32B02ABF7000DCAB6 /* Sources */ = {
			isa = PBXSourcesBuildPhase;
			buildActionMask = 2147483647;
			files = (
				45C0C8B62B181EF600479003 /* BookManager.swift in Sources */,
				450167DE2B14E2A200718688 /* BookMap.swift in Sources */,
				45C948B82B03F2D500577F26 /* ListView.swift in Sources */,
				AA837B342B257C7000A852CF /* BookDetailsView.swift in Sources */,
				450167E02B14E67000718688 /* SheetView.swift in Sources */,
				45C948BF2B04030900577F26 /* FireDBHelper.swift in Sources */,
				45C948C12B04035100577F26 /* Book.swift in Sources */,
				241A3FDD2B02ABF7000DCAB6 /* ContentView.swift in Sources */,
				450167DC2B14DC6100718688 /* LocationManager.swift in Sources */,
				45C948BA2B03F31800577F26 /* ScanView.swift in Sources */,
				AA837B2C2B256FC000A852CF /* BookFirebase.swift in Sources */,
				4570217C2B1950B30008F18C /* RecDetails.swift in Sources */,
				45C948B62B03F25C00577F26 /* MapView.swift in Sources */,
				AA837B322B257C0900A852CF /* ViewBooksView.swift in Sources */,
				45F545C22B152A7A00EC4BAE /* LocationAnnotation.swift in Sources */,
				45C0C8BA2B18208C00479003 /* RecView.swift in Sources */,
				450167E52B15157500718688 /* Location.swift in Sources */,
				241A3FDB2B02ABF7000DCAB6 /* BookCollectApp.swift in Sources */,
				AA837B2E2B25735800A852CF /* AddBookView.swift in Sources */,
			);
			runOnlyForDeploymentPostprocessing = 0;
		};
/* End PBXSourcesBuildPhase section */

/* Begin XCBuildConfiguration section */
		241A3FE32B02AC06000DCAB6 /* Debug */ = {
			isa = XCBuildConfiguration;
			buildSettings = {
				ALWAYS_SEARCH_USER_PATHS = NO;
				CLANG_ANALYZER_NONNULL = YES;
				CLANG_ANALYZER_NUMBER_OBJECT_CONVERSION = YES_AGGRESSIVE;
				CLANG_CXX_LANGUAGE_STANDARD = "gnu++20";
				CLANG_ENABLE_MODULES = YES;
				CLANG_ENABLE_OBJC_ARC = YES;
				CLANG_ENABLE_OBJC_WEAK = YES;
				CLANG_WARN_BLOCK_CAPTURE_AUTORELEASING = YES;
				CLANG_WARN_BOOL_CONVERSION = YES;
				CLANG_WARN_COMMA = YES;
				CLANG_WARN_CONSTANT_CONVERSION = YES;
				CLANG_WARN_DEPRECATED_OBJC_IMPLEMENTATIONS = YES;
				CLANG_WARN_DIRECT_OBJC_ISA_USAGE = YES_ERROR;
				CLANG_WARN_DOCUMENTATION_COMMENTS = YES;
				CLANG_WARN_EMPTY_BODY = YES;
				CLANG_WARN_ENUM_CONVERSION = YES;
				CLANG_WARN_INFINITE_RECURSION = YES;
				CLANG_WARN_INT_CONVERSION = YES;
				CLANG_WARN_NON_LITERAL_NULL_CONVERSION = YES;
				CLANG_WARN_OBJC_IMPLICIT_RETAIN_SELF = YES;
				CLANG_WARN_OBJC_LITERAL_CONVERSION = YES;
				CLANG_WARN_OBJC_ROOT_CLASS = YES_ERROR;
				CLANG_WARN_QUOTED_INCLUDE_IN_FRAMEWORK_HEADER = YES;
				CLANG_WARN_RANGE_LOOP_ANALYSIS = YES;
				CLANG_WARN_STRICT_PROTOTYPES = YES;
				CLANG_WARN_SUSPICIOUS_MOVE = YES;
				CLANG_WARN_UNGUARDED_AVAILABILITY = YES_AGGRESSIVE;
				CLANG_WARN_UNREACHABLE_CODE = YES;
				CLANG_WARN__DUPLICATE_METHOD_MATCH = YES;
				COPY_PHASE_STRIP = NO;
				DEBUG_INFORMATION_FORMAT = dwarf;
				ENABLE_STRICT_OBJC_MSGSEND = YES;
				ENABLE_TESTABILITY = YES;
				GCC_C_LANGUAGE_STANDARD = gnu11;
				GCC_DYNAMIC_NO_PIC = NO;
				GCC_NO_COMMON_BLOCKS = YES;
				GCC_OPTIMIZATION_LEVEL = 0;
				GCC_PREPROCESSOR_DEFINITIONS = (
					"DEBUG=1",
					"$(inherited)",
				);
				GCC_WARN_64_TO_32_BIT_CONVERSION = YES;
				GCC_WARN_ABOUT_RETURN_TYPE = YES_ERROR;
				GCC_WARN_UNDECLARED_SELECTOR = YES;
				GCC_WARN_UNINITIALIZED_AUTOS = YES_AGGRESSIVE;
				GCC_WARN_UNUSED_FUNCTION = YES;
				GCC_WARN_UNUSED_VARIABLE = YES;
				IPHONEOS_DEPLOYMENT_TARGET = 16.2;
				MTL_ENABLE_DEBUG_INFO = INCLUDE_SOURCE;
				MTL_FAST_MATH = YES;
				ONLY_ACTIVE_ARCH = YES;
				SDKROOT = iphoneos;
				SWIFT_ACTIVE_COMPILATION_CONDITIONS = DEBUG;
				SWIFT_OPTIMIZATION_LEVEL = "-Onone";
			};
			name = Debug;
		};
		241A3FE42B02AC06000DCAB6 /* Release */ = {
			isa = XCBuildConfiguration;
			buildSettings = {
				ALWAYS_SEARCH_USER_PATHS = NO;
				CLANG_ANALYZER_NONNULL = YES;
				CLANG_ANALYZER_NUMBER_OBJECT_CONVERSION = YES_AGGRESSIVE;
				CLANG_CXX_LANGUAGE_STANDARD = "gnu++20";
				CLANG_ENABLE_MODULES = YES;
				CLANG_ENABLE_OBJC_ARC = YES;
				CLANG_ENABLE_OBJC_WEAK = YES;
				CLANG_WARN_BLOCK_CAPTURE_AUTORELEASING = YES;
				CLANG_WARN_BOOL_CONVERSION = YES;
				CLANG_WARN_COMMA = YES;
				CLANG_WARN_CONSTANT_CONVERSION = YES;
				CLANG_WARN_DEPRECATED_OBJC_IMPLEMENTATIONS = YES;
				CLANG_WARN_DIRECT_OBJC_ISA_USAGE = YES_ERROR;
				CLANG_WARN_DOCUMENTATION_COMMENTS = YES;
				CLANG_WARN_EMPTY_BODY = YES;
				CLANG_WARN_ENUM_CONVERSION = YES;
				CLANG_WARN_INFINITE_RECURSION = YES;
				CLANG_WARN_INT_CONVERSION = YES;
				CLANG_WARN_NON_LITERAL_NULL_CONVERSION = YES;
				CLANG_WARN_OBJC_IMPLICIT_RETAIN_SELF = YES;
				CLANG_WARN_OBJC_LITERAL_CONVERSION = YES;
				CLANG_WARN_OBJC_ROOT_CLASS = YES_ERROR;
				CLANG_WARN_QUOTED_INCLUDE_IN_FRAMEWORK_HEADER = YES;
				CLANG_WARN_RANGE_LOOP_ANALYSIS = YES;
				CLANG_WARN_STRICT_PROTOTYPES = YES;
				CLANG_WARN_SUSPICIOUS_MOVE = YES;
				CLANG_WARN_UNGUARDED_AVAILABILITY = YES_AGGRESSIVE;
				CLANG_WARN_UNREACHABLE_CODE = YES;
				CLANG_WARN__DUPLICATE_METHOD_MATCH = YES;
				COPY_PHASE_STRIP = NO;
				DEBUG_INFORMATION_FORMAT = "dwarf-with-dsym";
				ENABLE_NS_ASSERTIONS = NO;
				ENABLE_STRICT_OBJC_MSGSEND = YES;
				GCC_C_LANGUAGE_STANDARD = gnu11;
				GCC_NO_COMMON_BLOCKS = YES;
				GCC_WARN_64_TO_32_BIT_CONVERSION = YES;
				GCC_WARN_ABOUT_RETURN_TYPE = YES_ERROR;
				GCC_WARN_UNDECLARED_SELECTOR = YES;
				GCC_WARN_UNINITIALIZED_AUTOS = YES_AGGRESSIVE;
				GCC_WARN_UNUSED_FUNCTION = YES;
				GCC_WARN_UNUSED_VARIABLE = YES;
				IPHONEOS_DEPLOYMENT_TARGET = 16.2;
				MTL_ENABLE_DEBUG_INFO = NO;
				MTL_FAST_MATH = YES;
				SDKROOT = iphoneos;
				SWIFT_COMPILATION_MODE = wholemodule;
				SWIFT_OPTIMIZATION_LEVEL = "-O";
				VALIDATE_PRODUCT = YES;
			};
			name = Release;
		};
		241A3FE62B02AC06000DCAB6 /* Debug */ = {
			isa = XCBuildConfiguration;
			buildSettings = {
				ASSETCATALOG_COMPILER_APPICON_NAME = AppIcon;
				ASSETCATALOG_COMPILER_GLOBAL_ACCENT_COLOR_NAME = AccentColor;
				CODE_SIGN_STYLE = Automatic;
				CURRENT_PROJECT_VERSION = 1;
				DEVELOPMENT_ASSET_PATHS = "\"BookCollect/Preview Content\"";
				DEVELOPMENT_TEAM = 38FCCT3RYS;
				ENABLE_PREVIEWS = YES;
				GENERATE_INFOPLIST_FILE = YES;
				INFOPLIST_FILE = BookCollect/Info.plist;
				INFOPLIST_KEY_NSLocationAlwaysAndWhenInUseUsageDescription = "App \"BookCollect\" wants to gain access to your location.";
				INFOPLIST_KEY_NSLocationWhenInUseUsageDescription = "App \"BookCollect\" wants to gain access to your location.";
				INFOPLIST_KEY_UIApplicationSceneManifest_Generation = YES;
				INFOPLIST_KEY_UIApplicationSupportsIndirectInputEvents = YES;
				INFOPLIST_KEY_UILaunchScreen_Generation = YES;
				INFOPLIST_KEY_UISupportedInterfaceOrientations_iPad = "UIInterfaceOrientationPortrait UIInterfaceOrientationPortraitUpsideDown UIInterfaceOrientationLandscapeLeft UIInterfaceOrientationLandscapeRight";
				INFOPLIST_KEY_UISupportedInterfaceOrientations_iPhone = "UIInterfaceOrientationPortrait UIInterfaceOrientationLandscapeLeft UIInterfaceOrientationLandscapeRight";
				LD_RUNPATH_SEARCH_PATHS = (
					"$(inherited)",
					"@executable_path/Frameworks",
				);
				MARKETING_VERSION = 1.0;
				PRODUCT_BUNDLE_IDENTIFIER = com.kb.BookCollect;
				PRODUCT_NAME = "$(TARGET_NAME)";
				SWIFT_EMIT_LOC_STRINGS = YES;
				SWIFT_VERSION = 5.0;
				TARGETED_DEVICE_FAMILY = "1,2";
			};
			name = Debug;
		};
		241A3FE72B02AC06000DCAB6 /* Release */ = {
			isa = XCBuildConfiguration;
			buildSettings = {
				ASSETCATALOG_COMPILER_APPICON_NAME = AppIcon;
				ASSETCATALOG_COMPILER_GLOBAL_ACCENT_COLOR_NAME = AccentColor;
				CODE_SIGN_STYLE = Automatic;
				CURRENT_PROJECT_VERSION = 1;
				DEVELOPMENT_ASSET_PATHS = "\"BookCollect/Preview Content\"";
				DEVELOPMENT_TEAM = 38FCCT3RYS;
				ENABLE_PREVIEWS = YES;
				GENERATE_INFOPLIST_FILE = YES;
				INFOPLIST_FILE = BookCollect/Info.plist;
				INFOPLIST_KEY_NSLocationAlwaysAndWhenInUseUsageDescription = "App \"BookCollect\" wants to gain access to your location.";
				INFOPLIST_KEY_NSLocationWhenInUseUsageDescription = "App \"BookCollect\" wants to gain access to your location.";
				INFOPLIST_KEY_UIApplicationSceneManifest_Generation = YES;
				INFOPLIST_KEY_UIApplicationSupportsIndirectInputEvents = YES;
				INFOPLIST_KEY_UILaunchScreen_Generation = YES;
				INFOPLIST_KEY_UISupportedInterfaceOrientations_iPad = "UIInterfaceOrientationPortrait UIInterfaceOrientationPortraitUpsideDown UIInterfaceOrientationLandscapeLeft UIInterfaceOrientationLandscapeRight";
				INFOPLIST_KEY_UISupportedInterfaceOrientations_iPhone = "UIInterfaceOrientationPortrait UIInterfaceOrientationLandscapeLeft UIInterfaceOrientationLandscapeRight";
				LD_RUNPATH_SEARCH_PATHS = (
					"$(inherited)",
					"@executable_path/Frameworks",
				);
				MARKETING_VERSION = 1.0;
				PRODUCT_BUNDLE_IDENTIFIER = com.kb.BookCollect;
				PRODUCT_NAME = "$(TARGET_NAME)";
				SWIFT_EMIT_LOC_STRINGS = YES;
				SWIFT_VERSION = 5.0;
				TARGETED_DEVICE_FAMILY = "1,2";
			};
			name = Release;
		};
/* End XCBuildConfiguration section */

/* Begin XCConfigurationList section */
		241A3FD22B02ABF7000DCAB6 /* Build configuration list for PBXProject "BookCollect" */ = {
			isa = XCConfigurationList;
			buildConfigurations = (
				241A3FE32B02AC06000DCAB6 /* Debug */,
				241A3FE42B02AC06000DCAB6 /* Release */,
			);
			defaultConfigurationIsVisible = 0;
			defaultConfigurationName = Release;
		};
		241A3FE52B02AC06000DCAB6 /* Build configuration list for PBXNativeTarget "BookCollect" */ = {
			isa = XCConfigurationList;
			buildConfigurations = (
				241A3FE62B02AC06000DCAB6 /* Debug */,
				241A3FE72B02AC06000DCAB6 /* Release */,
			);
			defaultConfigurationIsVisible = 0;
			defaultConfigurationName = Release;
		};
/* End XCConfigurationList section */

/* Begin XCRemoteSwiftPackageReference section */
		AA837AF42B255C5500A852CF /* XCRemoteSwiftPackageReference "firebase-ios-sdk" */ = {
			isa = XCRemoteSwiftPackageReference;
			repositoryURL = "https://github.com/firebase/firebase-ios-sdk";
			requirement = {
				kind = upToNextMajorVersion;
				minimumVersion = 10.19.0;
			};
		};
/* End XCRemoteSwiftPackageReference section */

/* Begin XCSwiftPackageProductDependency section */
		AA837AF52B255C5500A852CF /* FirebaseAnalytics */ = {
			isa = XCSwiftPackageProductDependency;
			package = AA837AF42B255C5500A852CF /* XCRemoteSwiftPackageReference "firebase-ios-sdk" */;
			productName = FirebaseAnalytics;
		};
		AA837AF72B255C5500A852CF /* FirebaseAnalyticsOnDeviceConversion */ = {
			isa = XCSwiftPackageProductDependency;
			package = AA837AF42B255C5500A852CF /* XCRemoteSwiftPackageReference "firebase-ios-sdk" */;
			productName = FirebaseAnalyticsOnDeviceConversion;
		};
		AA837AF92B255C5500A852CF /* FirebaseAnalyticsSwift */ = {
			isa = XCSwiftPackageProductDependency;
			package = AA837AF42B255C5500A852CF /* XCRemoteSwiftPackageReference "firebase-ios-sdk" */;
			productName = FirebaseAnalyticsSwift;
		};
		AA837AFB2B255C5500A852CF /* FirebaseAnalyticsWithoutAdIdSupport */ = {
			isa = XCSwiftPackageProductDependency;
			package = AA837AF42B255C5500A852CF /* XCRemoteSwiftPackageReference "firebase-ios-sdk" */;
			productName = FirebaseAnalyticsWithoutAdIdSupport;
		};
		AA837AFD2B255C5500A852CF /* FirebaseAppCheck */ = {
			isa = XCSwiftPackageProductDependency;
			package = AA837AF42B255C5500A852CF /* XCRemoteSwiftPackageReference "firebase-ios-sdk" */;
			productName = FirebaseAppCheck;
		};
		AA837AFF2B255C5500A852CF /* FirebaseAppDistribution-Beta */ = {
			isa = XCSwiftPackageProductDependency;
			package = AA837AF42B255C5500A852CF /* XCRemoteSwiftPackageReference "firebase-ios-sdk" */;
			productName = "FirebaseAppDistribution-Beta";
		};
		AA837B012B255C5500A852CF /* FirebaseAuth */ = {
			isa = XCSwiftPackageProductDependency;
			package = AA837AF42B255C5500A852CF /* XCRemoteSwiftPackageReference "firebase-ios-sdk" */;
			productName = FirebaseAuth;
		};
		AA837B032B255C5500A852CF /* FirebaseAuthCombine-Community */ = {
			isa = XCSwiftPackageProductDependency;
			package = AA837AF42B255C5500A852CF /* XCRemoteSwiftPackageReference "firebase-ios-sdk" */;
			productName = "FirebaseAuthCombine-Community";
		};
		AA837B052B255C5500A852CF /* FirebaseCrashlytics */ = {
			isa = XCSwiftPackageProductDependency;
			package = AA837AF42B255C5500A852CF /* XCRemoteSwiftPackageReference "firebase-ios-sdk" */;
			productName = FirebaseCrashlytics;
		};
		AA837B072B255C5500A852CF /* FirebaseDatabase */ = {
			isa = XCSwiftPackageProductDependency;
			package = AA837AF42B255C5500A852CF /* XCRemoteSwiftPackageReference "firebase-ios-sdk" */;
			productName = FirebaseDatabase;
		};
		AA837B092B255C5500A852CF /* FirebaseDatabaseSwift */ = {
			isa = XCSwiftPackageProductDependency;
			package = AA837AF42B255C5500A852CF /* XCRemoteSwiftPackageReference "firebase-ios-sdk" */;
			productName = FirebaseDatabaseSwift;
		};
		AA837B0B2B255C5500A852CF /* FirebaseDynamicLinks */ = {
			isa = XCSwiftPackageProductDependency;
			package = AA837AF42B255C5500A852CF /* XCRemoteSwiftPackageReference "firebase-ios-sdk" */;
			productName = FirebaseDynamicLinks;
		};
		AA837B0D2B255C5500A852CF /* FirebaseFirestore */ = {
			isa = XCSwiftPackageProductDependency;
			package = AA837AF42B255C5500A852CF /* XCRemoteSwiftPackageReference "firebase-ios-sdk" */;
			productName = FirebaseFirestore;
		};
		AA837B0F2B255C5500A852CF /* FirebaseFirestoreCombine-Community */ = {
			isa = XCSwiftPackageProductDependency;
			package = AA837AF42B255C5500A852CF /* XCRemoteSwiftPackageReference "firebase-ios-sdk" */;
			productName = "FirebaseFirestoreCombine-Community";
		};
		AA837B112B255C5500A852CF /* FirebaseFirestoreSwift */ = {
			isa = XCSwiftPackageProductDependency;
			package = AA837AF42B255C5500A852CF /* XCRemoteSwiftPackageReference "firebase-ios-sdk" */;
			productName = FirebaseFirestoreSwift;
		};
		AA837B132B255C5500A852CF /* FirebaseFunctions */ = {
			isa = XCSwiftPackageProductDependency;
			package = AA837AF42B255C5500A852CF /* XCRemoteSwiftPackageReference "firebase-ios-sdk" */;
			productName = FirebaseFunctions;
		};
		AA837B152B255C5500A852CF /* FirebaseFunctionsCombine-Community */ = {
			isa = XCSwiftPackageProductDependency;
			package = AA837AF42B255C5500A852CF /* XCRemoteSwiftPackageReference "firebase-ios-sdk" */;
			productName = "FirebaseFunctionsCombine-Community";
		};
		AA837B172B255C5500A852CF /* FirebaseInAppMessaging-Beta */ = {
			isa = XCSwiftPackageProductDependency;
			package = AA837AF42B255C5500A852CF /* XCRemoteSwiftPackageReference "firebase-ios-sdk" */;
			productName = "FirebaseInAppMessaging-Beta";
		};
		AA837B192B255C5500A852CF /* FirebaseInAppMessagingSwift-Beta */ = {
			isa = XCSwiftPackageProductDependency;
			package = AA837AF42B255C5500A852CF /* XCRemoteSwiftPackageReference "firebase-ios-sdk" */;
			productName = "FirebaseInAppMessagingSwift-Beta";
		};
		AA837B1B2B255C5500A852CF /* FirebaseInstallations */ = {
			isa = XCSwiftPackageProductDependency;
			package = AA837AF42B255C5500A852CF /* XCRemoteSwiftPackageReference "firebase-ios-sdk" */;
			productName = FirebaseInstallations;
		};
		AA837B1D2B255C5500A852CF /* FirebaseMLModelDownloader */ = {
			isa = XCSwiftPackageProductDependency;
			package = AA837AF42B255C5500A852CF /* XCRemoteSwiftPackageReference "firebase-ios-sdk" */;
			productName = FirebaseMLModelDownloader;
		};
		AA837B1F2B255C5500A852CF /* FirebaseMessaging */ = {
			isa = XCSwiftPackageProductDependency;
			package = AA837AF42B255C5500A852CF /* XCRemoteSwiftPackageReference "firebase-ios-sdk" */;
			productName = FirebaseMessaging;
		};
		AA837B212B255C5500A852CF /* FirebasePerformance */ = {
			isa = XCSwiftPackageProductDependency;
			package = AA837AF42B255C5500A852CF /* XCRemoteSwiftPackageReference "firebase-ios-sdk" */;
			productName = FirebasePerformance;
		};
		AA837B232B255C5500A852CF /* FirebaseRemoteConfig */ = {
			isa = XCSwiftPackageProductDependency;
			package = AA837AF42B255C5500A852CF /* XCRemoteSwiftPackageReference "firebase-ios-sdk" */;
			productName = FirebaseRemoteConfig;
		};
		AA837B252B255C5500A852CF /* FirebaseRemoteConfigSwift */ = {
			isa = XCSwiftPackageProductDependency;
			package = AA837AF42B255C5500A852CF /* XCRemoteSwiftPackageReference "firebase-ios-sdk" */;
			productName = FirebaseRemoteConfigSwift;
		};
		AA837B272B255C5500A852CF /* FirebaseStorage */ = {
			isa = XCSwiftPackageProductDependency;
			package = AA837AF42B255C5500A852CF /* XCRemoteSwiftPackageReference "firebase-ios-sdk" */;
			productName = FirebaseStorage;
		};
		AA837B292B255C5600A852CF /* FirebaseStorageCombine-Community */ = {
			isa = XCSwiftPackageProductDependency;
			package = AA837AF42B255C5500A852CF /* XCRemoteSwiftPackageReference "firebase-ios-sdk" */;
			productName = "FirebaseStorageCombine-Community";
		};
/* End XCSwiftPackageProductDependency section */
	};
	rootObject = 241A3FCF2B02ABF7000DCAB6 /* Project object */;
}
