// !$*UTF8*$!
{
	archiveVersion = 1;
	classes = {
	};
	objectVersion = 56;
	objects = {

/* Begin PBXBuildFile section */
		241A3FDB2B02ABF7000DCAB6 /* BookCollectApp.swift in Sources */ = {isa = PBXBuildFile; fileRef = 241A3FDA2B02ABF7000DCAB6 /* BookCollectApp.swift */; };
		241A3FDD2B02ABF7000DCAB6 /* ContentView.swift in Sources */ = {isa = PBXBuildFile; fileRef = 241A3FDC2B02ABF7000DCAB6 /* ContentView.swift */; };
		241A3FDF2B02AC06000DCAB6 /* Assets.xcassets in Resources */ = {isa = PBXBuildFile; fileRef = 241A3FDE2B02AC06000DCAB6 /* Assets.xcassets */; };
		241A3FE22B02AC06000DCAB6 /* Preview Assets.xcassets in Resources */ = {isa = PBXBuildFile; fileRef = 241A3FE12B02AC06000DCAB6 /* Preview Assets.xcassets */; };
		45C948B62B03F25C00577F26 /* MapView.swift in Sources */ = {isa = PBXBuildFile; fileRef = 45C948B52B03F25C00577F26 /* MapView.swift */; };
		45C948B82B03F2D500577F26 /* ListView.swift in Sources */ = {isa = PBXBuildFile; fileRef = 45C948B72B03F2D500577F26 /* ListView.swift */; };
		45C948BA2B03F31800577F26 /* ScanView.swift in Sources */ = {isa = PBXBuildFile; fileRef = 45C948B92B03F31800577F26 /* ScanView.swift */; };
/* End PBXBuildFile section */

/* Begin PBXFileReference section */
		241A3FD72B02ABF7000DCAB6 /* BookCollect.app */ = {isa = PBXFileReference; explicitFileType = wrapper.application; includeInIndex = 0; path = BookCollect.app; sourceTree = BUILT_PRODUCTS_DIR; };
		241A3FDA2B02ABF7000DCAB6 /* BookCollectApp.swift */ = {isa = PBXFileReference; lastKnownFileType = sourcecode.swift; path = BookCollectApp.swift; sourceTree = "<group>"; };
		241A3FDC2B02ABF7000DCAB6 /* ContentView.swift */ = {isa = PBXFileReference; lastKnownFileType = sourcecode.swift; path = ContentView.swift; sourceTree = "<group>"; };
		241A3FDE2B02AC06000DCAB6 /* Assets.xcassets */ = {isa = PBXFileReference; lastKnownFileType = folder.assetcatalog; path = Assets.xcassets; sourceTree = "<group>"; };
		241A3FE12B02AC06000DCAB6 /* Preview Assets.xcassets */ = {isa = PBXFileReference; lastKnownFileType = folder.assetcatalog; path = "Preview Assets.xcassets"; sourceTree = "<group>"; };
		45C948B52B03F25C00577F26 /* MapView.swift */ = {isa = PBXFileReference; lastKnownFileType = sourcecode.swift; path = MapView.swift; sourceTree = "<group>"; };
		45C948B72B03F2D500577F26 /* ListView.swift */ = {isa = PBXFileReference; lastKnownFileType = sourcecode.swift; path = ListView.swift; sourceTree = "<group>"; };
		45C948B92B03F31800577F26 /* ScanView.swift */ = {isa = PBXFileReference; lastKnownFileType = sourcecode.swift; path = ScanView.swift; sourceTree = "<group>"; };
/* End PBXFileReference section */

/* Begin PBXFrameworksBuildPhase section */
		241A3FD42B02ABF7000DCAB6 /* Frameworks */ = {
			isa = PBXFrameworksBuildPhase;
			buildActionMask = 2147483647;
			files = (
			);
			runOnlyForDeploymentPostprocessing = 0;
		};
/* End PBXFrameworksBuildPhase section */

/* Begin PBXGroup section */
		241A3FCE2B02ABF7000DCAB6 = {
			isa = PBXGroup;
			children = (
				241A3FD92B02ABF7000DCAB6 /* BookCollect */,
				241A3FD82B02ABF7000DCAB6 /* Products */,
			);
			sourceTree = "<group>";
		};
		241A3FD82B02ABF7000DCAB6 /* Products */ = {
			isa = PBXGroup;
			children = (
				241A3FD72B02ABF7000DCAB6 /* BookCollect.app */,
			);
			name = Products;
			sourceTree = "<group>";
		};
		241A3FD92B02ABF7000DCAB6 /* BookCollect */ = {
			isa = PBXGroup;
			children = (
				45C948B42B03F1A800577F26 /* Models */,
				45C948B32B03F1A100577F26 /* Data */,
				45C948B22B03F19700577F26 /* Views */,
				241A3FDA2B02ABF7000DCAB6 /* BookCollectApp.swift */,
				241A3FDE2B02AC06000DCAB6 /* Assets.xcassets */,
				241A3FE02B02AC06000DCAB6 /* Preview Content */,
			);
			path = BookCollect;
			sourceTree = "<group>";
		};
		241A3FE02B02AC06000DCAB6 /* Preview Content */ = {
			isa = PBXGroup;
			children = (
				241A3FE12B02AC06000DCAB6 /* Preview Assets.xcassets */,
			);
			path = "Preview Content";
			sourceTree = "<group>";
		};
		45C948B22B03F19700577F26 /* Views */ = {
			isa = PBXGroup;
			children = (
				45C948BD2B03F35200577F26 /* List */,
				45C948BC2B03F34A00577F26 /* Scan */,
				45C948BB2B03F34200577F26 /* Map */,
				241A3FDC2B02ABF7000DCAB6 /* ContentView.swift */,
			);
			path = Views;
			sourceTree = "<group>";
		};
		45C948B32B03F1A100577F26 /* Data */ = {
			isa = PBXGroup;
			children = (
			);
			path = Data;
			sourceTree = "<group>";
		};
		45C948B42B03F1A800577F26 /* Models */ = {
			isa = PBXGroup;
			children = (
			);
			path = Models;
			sourceTree = "<group>";
		};
		45C948BB2B03F34200577F26 /* Map */ = {
			isa = PBXGroup;
			children = (
				45C948B52B03F25C00577F26 /* MapView.swift */,
			);
			path = Map;
			sourceTree = "<group>";
		};
		45C948BC2B03F34A00577F26 /* Scan */ = {
			isa = PBXGroup;
			children = (
				45C948B92B03F31800577F26 /* ScanView.swift */,
			);
			path = Scan;
			sourceTree = "<group>";
		};
		45C948BD2B03F35200577F26 /* List */ = {
			isa = PBXGroup;
			children = (
				45C948B72B03F2D500577F26 /* ListView.swift */,
			);
			path = List;
			sourceTree = "<group>";
		};
/* End PBXGroup section */

/* Begin PBXNativeTarget section */
		241A3FD62B02ABF7000DCAB6 /* BookCollect */ = {
			isa = PBXNativeTarget;
			buildConfigurationList = 241A3FE52B02AC06000DCAB6 /* Build configuration list for PBXNativeTarget "BookCollect" */;
			buildPhases = (
				241A3FD32B02ABF7000DCAB6 /* Sources */,
				241A3FD42B02ABF7000DCAB6 /* Frameworks */,
				241A3FD52B02ABF7000DCAB6 /* Resources */,
			);
			buildRules = (
			);
			dependencies = (
			);
			name = BookCollect;
			productName = BookCollect;
			productReference = 241A3FD72B02ABF7000DCAB6 /* BookCollect.app */;
			productType = "com.apple.product-type.application";
		};
/* End PBXNativeTarget section */

/* Begin PBXProject section */
		241A3FCF2B02ABF7000DCAB6 /* Project object */ = {
			isa = PBXProject;
			attributes = {
				BuildIndependentTargetsInParallel = 1;
				LastSwiftUpdateCheck = 1420;
				LastUpgradeCheck = 1420;
				TargetAttributes = {
					241A3FD62B02ABF7000DCAB6 = {
						CreatedOnToolsVersion = 14.2;
					};
				};
			};
			buildConfigurationList = 241A3FD22B02ABF7000DCAB6 /* Build configuration list for PBXProject "BookCollect" */;
			compatibilityVersion = "Xcode 14.0";
			developmentRegion = en;
			hasScannedForEncodings = 0;
			knownRegions = (
				en,
				Base,
			);
			mainGroup = 241A3FCE2B02ABF7000DCAB6;
			productRefGroup = 241A3FD82B02ABF7000DCAB6 /* Products */;
			projectDirPath = "";
			projectRoot = "";
			targets = (
				241A3FD62B02ABF7000DCAB6 /* BookCollect */,
			);
		};
/* End PBXProject section */

/* Begin PBXResourcesBuildPhase section */
		241A3FD52B02ABF7000DCAB6 /* Resources */ = {
			isa = PBXResourcesBuildPhase;
			buildActionMask = 2147483647;
			files = (
				241A3FE22B02AC06000DCAB6 /* Preview Assets.xcassets in Resources */,
				241A3FDF2B02AC06000DCAB6 /* Assets.xcassets in Resources */,
			);
			runOnlyForDeploymentPostprocessing = 0;
		};
/* End PBXResourcesBuildPhase section */

/* Begin PBXSourcesBuildPhase section */
		241A3FD32B02ABF7000DCAB6 /* Sources */ = {
			isa = PBXSourcesBuildPhase;
			buildActionMask = 2147483647;
			files = (
				45C948B82B03F2D500577F26 /* ListView.swift in Sources */,
				241A3FDD2B02ABF7000DCAB6 /* ContentView.swift in Sources */,
				45C948BA2B03F31800577F26 /* ScanView.swift in Sources */,
				45C948B62B03F25C00577F26 /* MapView.swift in Sources */,
				241A3FDB2B02ABF7000DCAB6 /* BookCollectApp.swift in Sources */,
			);
			runOnlyForDeploymentPostprocessing = 0;
		};
/* End PBXSourcesBuildPhase section */

/* Begin XCBuildConfiguration section */
		241A3FE32B02AC06000DCAB6 /* Debug */ = {
			isa = XCBuildConfiguration;
			buildSettings = {
				ALWAYS_SEARCH_USER_PATHS = NO;
				CLANG_ANALYZER_NONNULL = YES;
				CLANG_ANALYZER_NUMBER_OBJECT_CONVERSION = YES_AGGRESSIVE;
				CLANG_CXX_LANGUAGE_STANDARD = "gnu++20";
				CLANG_ENABLE_MODULES = YES;
				CLANG_ENABLE_OBJC_ARC = YES;
				CLANG_ENABLE_OBJC_WEAK = YES;
				CLANG_WARN_BLOCK_CAPTURE_AUTORELEASING = YES;
				CLANG_WARN_BOOL_CONVERSION = YES;
				CLANG_WARN_COMMA = YES;
				CLANG_WARN_CONSTANT_CONVERSION = YES;
				CLANG_WARN_DEPRECATED_OBJC_IMPLEMENTATIONS = YES;
				CLANG_WARN_DIRECT_OBJC_ISA_USAGE = YES_ERROR;
				CLANG_WARN_DOCUMENTATION_COMMENTS = YES;
				CLANG_WARN_EMPTY_BODY = YES;
				CLANG_WARN_ENUM_CONVERSION = YES;
				CLANG_WARN_INFINITE_RECURSION = YES;
				CLANG_WARN_INT_CONVERSION = YES;
				CLANG_WARN_NON_LITERAL_NULL_CONVERSION = YES;
				CLANG_WARN_OBJC_IMPLICIT_RETAIN_SELF = YES;
				CLANG_WARN_OBJC_LITERAL_CONVERSION = YES;
				CLANG_WARN_OBJC_ROOT_CLASS = YES_ERROR;
				CLANG_WARN_QUOTED_INCLUDE_IN_FRAMEWORK_HEADER = YES;
				CLANG_WARN_RANGE_LOOP_ANALYSIS = YES;
				CLANG_WARN_STRICT_PROTOTYPES = YES;
				CLANG_WARN_SUSPICIOUS_MOVE = YES;
				CLANG_WARN_UNGUARDED_AVAILABILITY = YES_AGGRESSIVE;
				CLANG_WARN_UNREACHABLE_CODE = YES;
				CLANG_WARN__DUPLICATE_METHOD_MATCH = YES;
				COPY_PHASE_STRIP = NO;
				DEBUG_INFORMATION_FORMAT = dwarf;
				ENABLE_STRICT_OBJC_MSGSEND = YES;
				ENABLE_TESTABILITY = YES;
				GCC_C_LANGUAGE_STANDARD = gnu11;
				GCC_DYNAMIC_NO_PIC = NO;
				GCC_NO_COMMON_BLOCKS = YES;
				GCC_OPTIMIZATION_LEVEL = 0;
				GCC_PREPROCESSOR_DEFINITIONS = (
					"DEBUG=1",
					"$(inherited)",
				);
				GCC_WARN_64_TO_32_BIT_CONVERSION = YES;
				GCC_WARN_ABOUT_RETURN_TYPE = YES_ERROR;
				GCC_WARN_UNDECLARED_SELECTOR = YES;
				GCC_WARN_UNINITIALIZED_AUTOS = YES_AGGRESSIVE;
				GCC_WARN_UNUSED_FUNCTION = YES;
				GCC_WARN_UNUSED_VARIABLE = YES;
				IPHONEOS_DEPLOYMENT_TARGET = 16.2;
				MTL_ENABLE_DEBUG_INFO = INCLUDE_SOURCE;
				MTL_FAST_MATH = YES;
				ONLY_ACTIVE_ARCH = YES;
				SDKROOT = iphoneos;
				SWIFT_ACTIVE_COMPILATION_CONDITIONS = DEBUG;
				SWIFT_OPTIMIZATION_LEVEL = "-Onone";
			};
			name = Debug;
		};
		241A3FE42B02AC06000DCAB6 /* Release */ = {
			isa = XCBuildConfiguration;
			buildSettings = {
				ALWAYS_SEARCH_USER_PATHS = NO;
				CLANG_ANALYZER_NONNULL = YES;
				CLANG_ANALYZER_NUMBER_OBJECT_CONVERSION = YES_AGGRESSIVE;
				CLANG_CXX_LANGUAGE_STANDARD = "gnu++20";
				CLANG_ENABLE_MODULES = YES;
				CLANG_ENABLE_OBJC_ARC = YES;
				CLANG_ENABLE_OBJC_WEAK = YES;
				CLANG_WARN_BLOCK_CAPTURE_AUTORELEASING = YES;
				CLANG_WARN_BOOL_CONVERSION = YES;
				CLANG_WARN_COMMA = YES;
				CLANG_WARN_CONSTANT_CONVERSION = YES;
				CLANG_WARN_DEPRECATED_OBJC_IMPLEMENTATIONS = YES;
				CLANG_WARN_DIRECT_OBJC_ISA_USAGE = YES_ERROR;
				CLANG_WARN_DOCUMENTATION_COMMENTS = YES;
				CLANG_WARN_EMPTY_BODY = YES;
				CLANG_WARN_ENUM_CONVERSION = YES;
				CLANG_WARN_INFINITE_RECURSION = YES;
				CLANG_WARN_INT_CONVERSION = YES;
				CLANG_WARN_NON_LITERAL_NULL_CONVERSION = YES;
				CLANG_WARN_OBJC_IMPLICIT_RETAIN_SELF = YES;
				CLANG_WARN_OBJC_LITERAL_CONVERSION = YES;
				CLANG_WARN_OBJC_ROOT_CLASS = YES_ERROR;
				CLANG_WARN_QUOTED_INCLUDE_IN_FRAMEWORK_HEADER = YES;
				CLANG_WARN_RANGE_LOOP_ANALYSIS = YES;
				CLANG_WARN_STRICT_PROTOTYPES = YES;
				CLANG_WARN_SUSPICIOUS_MOVE = YES;
				CLANG_WARN_UNGUARDED_AVAILABILITY = YES_AGGRESSIVE;
				CLANG_WARN_UNREACHABLE_CODE = YES;
				CLANG_WARN__DUPLICATE_METHOD_MATCH = YES;
				COPY_PHASE_STRIP = NO;
				DEBUG_INFORMATION_FORMAT = "dwarf-with-dsym";
				ENABLE_NS_ASSERTIONS = NO;
				ENABLE_STRICT_OBJC_MSGSEND = YES;
				GCC_C_LANGUAGE_STANDARD = gnu11;
				GCC_NO_COMMON_BLOCKS = YES;
				GCC_WARN_64_TO_32_BIT_CONVERSION = YES;
				GCC_WARN_ABOUT_RETURN_TYPE = YES_ERROR;
				GCC_WARN_UNDECLARED_SELECTOR = YES;
				GCC_WARN_UNINITIALIZED_AUTOS = YES_AGGRESSIVE;
				GCC_WARN_UNUSED_FUNCTION = YES;
				GCC_WARN_UNUSED_VARIABLE = YES;
				IPHONEOS_DEPLOYMENT_TARGET = 16.2;
				MTL_ENABLE_DEBUG_INFO = NO;
				MTL_FAST_MATH = YES;
				SDKROOT = iphoneos;
				SWIFT_COMPILATION_MODE = wholemodule;
				SWIFT_OPTIMIZATION_LEVEL = "-O";
				VALIDATE_PRODUCT = YES;
			};
			name = Release;
		};
		241A3FE62B02AC06000DCAB6 /* Debug */ = {
			isa = XCBuildConfiguration;
			buildSettings = {
				ASSETCATALOG_COMPILER_APPICON_NAME = AppIcon;
				ASSETCATALOG_COMPILER_GLOBAL_ACCENT_COLOR_NAME = AccentColor;
				CODE_SIGN_STYLE = Automatic;
				CURRENT_PROJECT_VERSION = 1;
				DEVELOPMENT_ASSET_PATHS = "\"BookCollect/Preview Content\"";
				DEVELOPMENT_TEAM = 38FCCT3RYS;
				ENABLE_PREVIEWS = YES;
				GENERATE_INFOPLIST_FILE = YES;
				INFOPLIST_KEY_UIApplicationSceneManifest_Generation = YES;
				INFOPLIST_KEY_UIApplicationSupportsIndirectInputEvents = YES;
				INFOPLIST_KEY_UILaunchScreen_Generation = YES;
				INFOPLIST_KEY_UISupportedInterfaceOrientations_iPad = "UIInterfaceOrientationPortrait UIInterfaceOrientationPortraitUpsideDown UIInterfaceOrientationLandscapeLeft UIInterfaceOrientationLandscapeRight";
				INFOPLIST_KEY_UISupportedInterfaceOrientations_iPhone = "UIInterfaceOrientationPortrait UIInterfaceOrientationLandscapeLeft UIInterfaceOrientationLandscapeRight";
				LD_RUNPATH_SEARCH_PATHS = (
					"$(inherited)",
					"@executable_path/Frameworks",
				);
				MARKETING_VERSION = 1.0;
				PRODUCT_BUNDLE_IDENTIFIER = com.kb.BookCollect;
				PRODUCT_NAME = "$(TARGET_NAME)";
				SWIFT_EMIT_LOC_STRINGS = YES;
				SWIFT_VERSION = 5.0;
				TARGETED_DEVICE_FAMILY = "1,2";
			};
			name = Debug;
		};
		241A3FE72B02AC06000DCAB6 /* Release */ = {
			isa = XCBuildConfiguration;
			buildSettings = {
				ASSETCATALOG_COMPILER_APPICON_NAME = AppIcon;
				ASSETCATALOG_COMPILER_GLOBAL_ACCENT_COLOR_NAME = AccentColor;
				CODE_SIGN_STYLE = Automatic;
				CURRENT_PROJECT_VERSION = 1;
				DEVELOPMENT_ASSET_PATHS = "\"BookCollect/Preview Content\"";
				DEVELOPMENT_TEAM = 38FCCT3RYS;
				ENABLE_PREVIEWS = YES;
				GENERATE_INFOPLIST_FILE = YES;
				INFOPLIST_KEY_UIApplicationSceneManifest_Generation = YES;
				INFOPLIST_KEY_UIApplicationSupportsIndirectInputEvents = YES;
				INFOPLIST_KEY_UILaunchScreen_Generation = YES;
				INFOPLIST_KEY_UISupportedInterfaceOrientations_iPad = "UIInterfaceOrientationPortrait UIInterfaceOrientationPortraitUpsideDown UIInterfaceOrientationLandscapeLeft UIInterfaceOrientationLandscapeRight";
				INFOPLIST_KEY_UISupportedInterfaceOrientations_iPhone = "UIInterfaceOrientationPortrait UIInterfaceOrientationLandscapeLeft UIInterfaceOrientationLandscapeRight";
				LD_RUNPATH_SEARCH_PATHS = (
					"$(inherited)",
					"@executable_path/Frameworks",
				);
				MARKETING_VERSION = 1.0;
				PRODUCT_BUNDLE_IDENTIFIER = com.kb.BookCollect;
				PRODUCT_NAME = "$(TARGET_NAME)";
				SWIFT_EMIT_LOC_STRINGS = YES;
				SWIFT_VERSION = 5.0;
				TARGETED_DEVICE_FAMILY = "1,2";
			};
			name = Release;
		};
/* End XCBuildConfiguration section */

/* Begin XCConfigurationList section */
		241A3FD22B02ABF7000DCAB6 /* Build configuration list for PBXProject "BookCollect" */ = {
			isa = XCConfigurationList;
			buildConfigurations = (
				241A3FE32B02AC06000DCAB6 /* Debug */,
				241A3FE42B02AC06000DCAB6 /* Release */,
			);
			defaultConfigurationIsVisible = 0;
			defaultConfigurationName = Release;
		};
		241A3FE52B02AC06000DCAB6 /* Build configuration list for PBXNativeTarget "BookCollect" */ = {
			isa = XCConfigurationList;
			buildConfigurations = (
				241A3FE62B02AC06000DCAB6 /* Debug */,
				241A3FE72B02AC06000DCAB6 /* Release */,
			);
			defaultConfigurationIsVisible = 0;
			defaultConfigurationName = Release;
		};
/* End XCConfigurationList section */
	};
	rootObject = 241A3FCF2B02ABF7000DCAB6 /* Project object */;
}
